
Microsoft Visual Studio Solution File, Format Version 12.00
# Visual Studio Version 16
VisualStudioVersion = 25.0.1706.14
MinimumVisualStudioVersion = 10.0.40219.1
Project("{FAE04EC0-301F-11D3-BF4B-00C04F79EFBC}") = "Server", "Server\Server.csproj", "{8034F134-0256-4DD7-98F3-48ECBD277F47}"
EndProject
Global
	GlobalSection(SolutionConfigurationPlatforms) = preSolution
		Debug|Any CPU = Debug|Any CPU
		Release|Any CPU = Release|Any CPU
	EndGlobalSection
	GlobalSection(ProjectConfigurationPlatforms) = postSolution
		{8034F134-0256-4DD7-98F3-48ECBD277F47}.Debug|Any CPU.ActiveCfg = Debug|Any CPU
		{8034F134-0256-4DD7-98F3-48ECBD277F47}.Debug|Any CPU.Build.0 = Debug|Any CPU
		{8034F134-0256-4DD7-98F3-48ECBD277F47}.Release|Any CPU.ActiveCfg = Release|Any CPU
		{8034F134-0256-4DD7-98F3-48ECBD277F47}.Release|Any CPU.Build.0 = Release|Any CPU
	EndGlobalSection
	GlobalSection(SolutionProperties) = preSolution
		HideSolutionNode = FALSE
	EndGlobalSection
	GlobalSection(ExtensibilityGlobals) = postSolution
		SolutionGuid = {E0F6504A-E780-45BA-A406-7751970EA47C}
	EndGlobalSection
EndGlobal
